
Microsoft Visual Studio Solution File, Format Version 12.00
# Visual Studio Version 17
VisualStudioVersion = 17.14.36414.22 d17.14
MinimumVisualStudioVersion = 10.0.40219.1
Project("{FAE04EC0-301F-11D3-BF4B-00C04F79EFBC}") = "Ngofee.Id", "Ngofee.Id.csproj", "{50E7AF75-F1E1-44D7-997A-087A3DEBDAD5}"
EndProject
Global
	GlobalSection(SolutionConfigurationPlatforms) = preSolution
		Debug|Any CPU = Debug|Any CPU
		Release|Any CPU = Release|Any CPU
	EndGlobalSection
	GlobalSection(ProjectConfigurationPlatforms) = postSolution
		{50E7AF75-F1E1-44D7-997A-087A3DEBDAD5}.Debug|Any CPU.ActiveCfg = Debug|Any CPU
		{50E7AF75-F1E1-44D7-997A-087A3DEBDAD5}.Debug|Any CPU.Build.0 = Debug|Any CPU
		{50E7AF75-F1E1-44D7-997A-087A3DEBDAD5}.Release|Any CPU.ActiveCfg = Release|Any CPU
		{50E7AF75-F1E1-44D7-997A-087A3DEBDAD5}.Release|Any CPU.Build.0 = Release|Any CPU
	EndGlobalSection
	GlobalSection(SolutionProperties) = preSolution
		HideSolutionNode = FALSE
	EndGlobalSection
	GlobalSection(ExtensibilityGlobals) = postSolution
		SolutionGuid = {FA951425-28B9-4F95-9A4D-2701B9DAA6B3}
	EndGlobalSection
EndGlobal
